
Microsoft Visual Studio Solution File, Format Version 12.00
# Visual Studio Version 16
VisualStudioVersion = 16.0.34114.132
MinimumVisualStudioVersion = 10.0.40219.1
Project("{8BC9CEB8-8B4A-11D0-8D11-00A0C91BC942}") = "4.1", "4.1\4.1.vcxproj", "{FD38D5F9-0B29-4CEA-A54F-7062FB045A4A}"
EndProject
Global
	GlobalSection(SolutionConfigurationPlatforms) = preSolution
		Debug|x64 = Debug|x64
		Debug|x86 = Debug|x86
		Release|x64 = Release|x64
		Release|x86 = Release|x86
	EndGlobalSection
	GlobalSection(ProjectConfigurationPlatforms) = postSolution
		{FD38D5F9-0B29-4CEA-A54F-7062FB045A4A}.Debug|x64.ActiveCfg = Debug|x64
		{FD38D5F9-0B29-4CEA-A54F-7062FB045A4A}.Debug|x64.Build.0 = Debug|x64
		{FD38D5F9-0B29-4CEA-A54F-7062FB045A4A}.Debug|x86.ActiveCfg = Debug|Win32
		{FD38D5F9-0B29-4CEA-A54F-7062FB045A4A}.Debug|x86.Build.0 = Debug|Win32
		{FD38D5F9-0B29-4CEA-A54F-7062FB045A4A}.Release|x64.ActiveCfg = Release|x64
		{FD38D5F9-0B29-4CEA-A54F-7062FB045A4A}.Release|x64.Build.0 = Release|x64
		{FD38D5F9-0B29-4CEA-A54F-7062FB045A4A}.Release|x86.ActiveCfg = Release|Win32
		{FD38D5F9-0B29-4CEA-A54F-7062FB045A4A}.Release|x86.Build.0 = Release|Win32
	EndGlobalSection
	GlobalSection(SolutionProperties) = preSolution
		HideSolutionNode = FALSE
	EndGlobalSection
	GlobalSection(ExtensibilityGlobals) = postSolution
		SolutionGuid = {FE955478-311C-4490-AB9D-7C7367EF9D6B}
	EndGlobalSection
EndGlobal
